<?xml version="1.0" encoding="utf-8"?>
<Project ToolsVersion="4.0" xmlns="http://schemas.microsoft.com/developer/msbuild/2003">
  <ItemGroup>
    <Filter Include="Source Files">
      <UniqueIdentifier>{4FC737F1-C7A5-4376-A066-2A32D752A2FF}</UniqueIdentifier>
      <Extensions>cpp;c;cc;cxx;c++;cppm;ixx;def;odl;idl;hpj;bat;asm;asmx</Extensions>
    </Filter>
    <Filter Include="Header Files">
      <UniqueIdentifier>{93995380-89BD-4b04-88EB-625FBE52EBFB}</UniqueIdentifier>
      <Extensions>h;hh;hpp;hxx;h++;hm;inl;inc;ipp;xsd</Extensions>
    </Filter>
  </ItemGroup>
  <ItemGroup>
    <ClCompile Include="Game.cpp">
      <Filter>Source Files</Filter>
    </ClCompile>
    <ClCompile Include="Engine.cpp">
      <Filter>Source Files</Filter>
    </ClCompile>
    <ClCompile Include="Entities\Ball.cpp">
      <Filter>Source Files</Filter>
    </ClCompile>
    <ClCompile Include="Entities\Block.cpp">
      <Filter>Source Files</Filter>
    </ClCompile>
    <ClCompile Include="Entities\Bonus.cpp">
      <Filter>Source Files</Filter>
    </ClCompile>
    <ClCompile Include="Entities\Carriage.cpp">
      <Filter>Source Files</Filter>
    </ClCompile>
    <ClCompile Include="Entities\Entity.cpp">
      <Filter>Source Files</Filter>
    </ClCompile>
    <ClCompile Include="Entities\Wall.cpp">
      <Filter>Source Files</Filter>
    </ClCompile>
    <ClCompile Include="Components\Collisions\CubeCollision.cpp">
      <Filter>Source Files</Filter>
    </ClCompile>
    <ClCompile Include="Components\Collisions\XYLineCollision.cpp">
      <Filter>Source Files</Filter>
    </ClCompile>
    <ClCompile Include="Components\Meshes\CircleMesh.cpp">
      <Filter>Source Files</Filter>
    </ClCompile>
    <ClCompile Include="Components\Meshes\CubeMesh.cpp">
      <Filter>Source Files</Filter>
    </ClCompile>
    <ClCompile Include="Components\Meshes\font.cpp">
      <Filter>Source Files</Filter>
    </ClCompile>
    <ClCompile Include="Components\Meshes\Mesh.cpp">
      <Filter>Source Files</Filter>
    </ClCompile>
    <ClCompile Include="Components\Meshes\TextMesh.cpp">
      <Filter>Source Files</Filter>
    </ClCompile>
    <ClCompile Include="Components\Meshes\XYLineMesh.cpp">
      <Filter>Source Files</Filter>
    </ClCompile>
    <ClCompile Include="Components\Others\Controller.cpp">
      <Filter>Source Files</Filter>
    </ClCompile>
    <ClCompile Include="Components\Others\Dynamic.cpp">
      <Filter>Source Files</Filter>
    </ClCompile>
    <ClCompile Include="Components\Others\Movable.cpp">
      <Filter>Source Files</Filter>
    </ClCompile>
    <ClCompile Include="Misc\Scrap.cpp">
      <Filter>Source Files</Filter>
    </ClCompile>
  </ItemGroup>
  <ItemGroup>
    <ClInclude Include="Engine.h">
      <Filter>Header Files</Filter>
    </ClInclude>
    <ClInclude Include="Entities\Ball.h">
      <Filter>Header Files</Filter>
    </ClInclude>
    <ClInclude Include="Entities\Block.h">
      <Filter>Header Files</Filter>
    </ClInclude>
    <ClInclude Include="Entities\Bonus.h">
      <Filter>Header Files</Filter>
    </ClInclude>
    <ClInclude Include="Entities\Carriage.h">
      <Filter>Header Files</Filter>
    </ClInclude>
    <ClInclude Include="Entities\Entity.h">
      <Filter>Header Files</Filter>
    </ClInclude>
    <ClInclude Include="Entities\Hud.h">
      <Filter>Header Files</Filter>
    </ClInclude>
    <ClInclude Include="Entities\KillZone.h">
      <Filter>Header Files</Filter>
    </ClInclude>
    <ClInclude Include="Entities\Scene.h">
      <Filter>Header Files</Filter>
    </ClInclude>
    <ClInclude Include="Entities\Wall.h">
      <Filter>Header Files</Filter>
    </ClInclude>
    <ClInclude Include="Components\Collisions\Collision.h">
      <Filter>Header Files</Filter>
    </ClInclude>
    <ClInclude Include="Components\Collisions\CubeCollision.h">
      <Filter>Header Files</Filter>
    </ClInclude>
    <ClInclude Include="Components\Collisions\XYLineCollision.h">
      <Filter>Header Files</Filter>
    </ClInclude>
    <ClInclude Include="Components\Meshes\CircleMesh.h">
      <Filter>Header Files</Filter>
    </ClInclude>
    <ClInclude Include="Components\Meshes\CubeMesh.h">
      <Filter>Header Files</Filter>
    </ClInclude>
    <ClInclude Include="Components\Meshes\font.h">
      <Filter>Header Files</Filter>
    </ClInclude>
    <ClInclude Include="Components\Meshes\Mesh.h">
      <Filter>Header Files</Filter>
    </ClInclude>
    <ClInclude Include="Components\Meshes\TextMesh.h">
      <Filter>Header Files</Filter>
    </ClInclude>
    <ClInclude Include="Components\Meshes\XYLineMesh.h">
      <Filter>Header Files</Filter>
    </ClInclude>
    <ClInclude Include="Components\Others\Controller.h">
      <Filter>Header Files</Filter>
    </ClInclude>
    <ClInclude Include="Components\Others\Dynamic.h">
      <Filter>Header Files</Filter>
    </ClInclude>
    <ClInclude Include="Components\Others\Movable.h">
      <Filter>Header Files</Filter>
    </ClInclude>
    <ClInclude Include="Components\Component.h">
      <Filter>Header Files</Filter>
    </ClInclude>
    <ClInclude Include="Misc\Geometry.h">
      <Filter>Header Files</Filter>
    </ClInclude>
    <ClInclude Include="Misc\Scrap.h">
      <Filter>Header Files</Filter>
    </ClInclude>
  </ItemGroup>
</Project>